{"filter":false,"title":"Gemfile.lock","tooltip":"/Gemfile.lock","undoManager":{"mark":-1,"position":-1,"stack":[]},"ace":{"folds":[],"scrolltop":1860,"scrollleft":0,"selection":{"start":{"row":153,"column":28},"end":{"row":153,"column":28},"isBackwards":false},"options":{"guessTabSize":true,"useWrapMode":false,"wrapToView":true},"firstLineState":{"row":131,"state":"start","mode":"ace/mode/text"}},"timestamp":1413267519217,"hash":"f970e21e16b5efb41c32b9354707c594727f5bc6"}